// !$*UTF8*$!
{
	archiveVersion = 1;
	classes = {
	};
	objectVersion = 46;
	objects = {

/* Begin PBXBuildFile section */
		BA0ACAF01E320266001AD35A /* Table.swift in Sources */ = {isa = PBXBuildFile; fileRef = BA0ACAEF1E320266001AD35A /* Table.swift */; };
		BA0ACAF31E3216CE001AD35A /* Decodable.swift in Sources */ = {isa = PBXBuildFile; fileRef = BA0ACAF21E3216CE001AD35A /* Decodable.swift */; };
		BA0ACAF51E32172E001AD35A /* Decoder.swift in Sources */ = {isa = PBXBuildFile; fileRef = BA0ACAF41E32172E001AD35A /* Decoder.swift */; };
		BA0ACAF81E32195C001AD35A /* Logger.swift in Sources */ = {isa = PBXBuildFile; fileRef = BA0ACAF71E32195C001AD35A /* Logger.swift */; };
		BA0ACAFC1E321FB2001AD35A /* Presentable.swift in Sources */ = {isa = PBXBuildFile; fileRef = BA0ACAFB1E321FB2001AD35A /* Presentable.swift */; };
		BA1999E61DDC3BC900296441 /* ConnectionStatus.swift in Sources */ = {isa = PBXBuildFile; fileRef = BA1999E51DDC3BC900296441 /* ConnectionStatus.swift */; };
		BA1999E81DDC412D00296441 /* Parameter.swift in Sources */ = {isa = PBXBuildFile; fileRef = BA1999E71DDC412D00296441 /* Parameter.swift */; };
		BA1999EA1DDC508000296441 /* ResultStatus.swift in Sources */ = {isa = PBXBuildFile; fileRef = BA1999E91DDC508000296441 /* ResultStatus.swift */; };
		BA1999EC1DDC673400296441 /* Row.swift in Sources */ = {isa = PBXBuildFile; fileRef = BA1999EB1DDC673400296441 /* Row.swift */; };
		BA3F02CC1E6933C600D070AC /* PaginationQuery.swift in Sources */ = {isa = PBXBuildFile; fileRef = BA3F02CB1E6933C600D070AC /* PaginationQuery.swift */; };
		BA3F02CE1E6934CF00D070AC /* QueryFactory.swift in Sources */ = {isa = PBXBuildFile; fileRef = BA3F02CD1E6934CF00D070AC /* QueryFactory.swift */; };
		BA8756441E92445F00FCDFB1 /* SwiftyPostgreSQL.framework in Frameworks */ = {isa = PBXBuildFile; fileRef = BACFCC911DDAF89400EFB0BA /* SwiftyPostgreSQL.framework */; };
		BA8756541E92474C00FCDFB1 /* Quick.framework in Frameworks */ = {isa = PBXBuildFile; fileRef = BA87564F1E9246B000FCDFB1 /* Quick.framework */; };
		BA8756551E92474E00FCDFB1 /* Nimble.framework in Frameworks */ = {isa = PBXBuildFile; fileRef = BA8756511E9246B200FCDFB1 /* Nimble.framework */; };
		BA87565F1E92489600FCDFB1 /* ConnectionSpec.swift in Sources */ = {isa = PBXBuildFile; fileRef = BA8756581E92489600FCDFB1 /* ConnectionSpec.swift */; };
		BA8756601E92489600FCDFB1 /* DatabaseSpec.swift in Sources */ = {isa = PBXBuildFile; fileRef = BA8756591E92489600FCDFB1 /* DatabaseSpec.swift */; };
		BA8756611E92489600FCDFB1 /* ParamConnection+Helper.swift in Sources */ = {isa = PBXBuildFile; fileRef = BA87565B1E92489600FCDFB1 /* ParamConnection+Helper.swift */; };
		BA8756621E92489600FCDFB1 /* QueryResultSpec.swift in Sources */ = {isa = PBXBuildFile; fileRef = BA87565C1E92489600FCDFB1 /* QueryResultSpec.swift */; };
		BA8756631E92489600FCDFB1 /* QuerySpec.swift in Sources */ = {isa = PBXBuildFile; fileRef = BA87565D1E92489600FCDFB1 /* QuerySpec.swift */; };
		BA8756641E92489600FCDFB1 /* TableSpec.swift in Sources */ = {isa = PBXBuildFile; fileRef = BA87565E1E92489600FCDFB1 /* TableSpec.swift */; };
		BA8FB3121E473ABC004D48F5 /* UUID+Short.swift in Sources */ = {isa = PBXBuildFile; fileRef = BA8FB3111E473ABC004D48F5 /* UUID+Short.swift */; };
		BAA8ED901DDB1967006E4E33 /* ConnectionResult.swift in Sources */ = {isa = PBXBuildFile; fileRef = BAA8ED8F1DDB1967006E4E33 /* ConnectionResult.swift */; };
		BABDF8991E331B4F006603BA /* Field.swift in Sources */ = {isa = PBXBuildFile; fileRef = BABDF8981E331B4F006603BA /* Field.swift */; };
		BABDF89B1E332C70006603BA /* ColumnType.swift in Sources */ = {isa = PBXBuildFile; fileRef = BABDF89A1E332C70006603BA /* ColumnType.swift */; };
		BACE537F1E646F3300B4135E /* Swifty-PostgreSQL.h in Headers */ = {isa = PBXBuildFile; fileRef = BACE537D1E646F3300B4135E /* Swifty-PostgreSQL.h */; };
		BACFCCB51DDAFAD500EFB0BA /* Database.swift in Sources */ = {isa = PBXBuildFile; fileRef = BACFCCB41DDAFAD500EFB0BA /* Database.swift */; };
		BACFCCB71DDAFAE000EFB0BA /* QueryResult.swift in Sources */ = {isa = PBXBuildFile; fileRef = BACFCCB61DDAFAE000EFB0BA /* QueryResult.swift */; };
		BACFCCB91DDAFAEA00EFB0BA /* Connection.swift in Sources */ = {isa = PBXBuildFile; fileRef = BACFCCB81DDAFAEA00EFB0BA /* Connection.swift */; };
		BACFCCBB1DDAFAF600EFB0BA /* Query.swift in Sources */ = {isa = PBXBuildFile; fileRef = BACFCCBA1DDAFAF600EFB0BA /* Query.swift */; };
		BACFCCC11DDAFD9F00EFB0BA /* ConnectionParam.swift in Sources */ = {isa = PBXBuildFile; fileRef = BACFCCC01DDAFD9F00EFB0BA /* ConnectionParam.swift */; };
		BAEE57611E482F6100EC61E7 /* Column.swift in Sources */ = {isa = PBXBuildFile; fileRef = BAEE57601E482F6100EC61E7 /* Column.swift */; };
		BAEE57631E48349A00EC61E7 /* ColumnTypeProtocol.swift in Sources */ = {isa = PBXBuildFile; fileRef = BAEE57621E48349A00EC61E7 /* ColumnTypeProtocol.swift */; };
/* End PBXBuildFile section */

/* Begin PBXContainerItemProxy section */
		BA8756451E92445F00FCDFB1 /* PBXContainerItemProxy */ = {
			isa = PBXContainerItemProxy;
			containerPortal = BACFCC881DDAF89400EFB0BA /* Project object */;
			proxyType = 1;
			remoteGlobalIDString = BACFCC901DDAF89400EFB0BA;
			remoteInfo = "Swifty-PostgreSQL";
		};
/* End PBXContainerItemProxy section */

/* Begin PBXFileReference section */
		0D419564E139F6C53654D1D5 /* Pods-Swifty-PostgreSQLTests.debug.xcconfig */ = {isa = PBXFileReference; includeInIndex = 1; lastKnownFileType = text.xcconfig; name = "Pods-Swifty-PostgreSQLTests.debug.xcconfig"; path = "Pods/Target Support Files/Pods-Swifty-PostgreSQLTests/Pods-Swifty-PostgreSQLTests.debug.xcconfig"; sourceTree = "<group>"; };
		2BB17EDDBA2995D4ADFFDED3 /* Pods-Swifty-PostgreSQLTests.release.xcconfig */ = {isa = PBXFileReference; includeInIndex = 1; lastKnownFileType = text.xcconfig; name = "Pods-Swifty-PostgreSQLTests.release.xcconfig"; path = "Pods/Target Support Files/Pods-Swifty-PostgreSQLTests/Pods-Swifty-PostgreSQLTests.release.xcconfig"; sourceTree = "<group>"; };
		5254B8593BA7325863F279C4 /* Pods_Swifty_PostgreSQLTests.framework */ = {isa = PBXFileReference; explicitFileType = wrapper.framework; includeInIndex = 0; path = Pods_Swifty_PostgreSQLTests.framework; sourceTree = BUILT_PRODUCTS_DIR; };
		61420C000AC495972B521D98 /* Pods-Swifty-PostgreSQLTests.release.xcconfig */ = {isa = PBXFileReference; includeInIndex = 1; lastKnownFileType = text.xcconfig; name = "Pods-Swifty-PostgreSQLTests.release.xcconfig"; path = "../../Pods/Target Support Files/Pods-Swifty-PostgreSQLTests/Pods-Swifty-PostgreSQLTests.release.xcconfig"; sourceTree = "<group>"; };
		8F079EFD27B0A5C2B970ABE8 /* Pods-Swifty-PostgreSQLTests.debug.xcconfig */ = {isa = PBXFileReference; includeInIndex = 1; lastKnownFileType = text.xcconfig; name = "Pods-Swifty-PostgreSQLTests.debug.xcconfig"; path = "../../Pods/Target Support Files/Pods-Swifty-PostgreSQLTests/Pods-Swifty-PostgreSQLTests.debug.xcconfig"; sourceTree = "<group>"; };
		BA0ACAEF1E320266001AD35A /* Table.swift */ = {isa = PBXFileReference; fileEncoding = 4; lastKnownFileType = sourcecode.swift; path = Table.swift; sourceTree = "<group>"; };
		BA0ACAF21E3216CE001AD35A /* Decodable.swift */ = {isa = PBXFileReference; fileEncoding = 4; lastKnownFileType = sourcecode.swift; path = Decodable.swift; sourceTree = "<group>"; };
		BA0ACAF41E32172E001AD35A /* Decoder.swift */ = {isa = PBXFileReference; fileEncoding = 4; lastKnownFileType = sourcecode.swift; path = Decoder.swift; sourceTree = "<group>"; };
		BA0ACAF71E32195C001AD35A /* Logger.swift */ = {isa = PBXFileReference; fileEncoding = 4; lastKnownFileType = sourcecode.swift; path = Logger.swift; sourceTree = "<group>"; };
		BA0ACAFB1E321FB2001AD35A /* Presentable.swift */ = {isa = PBXFileReference; fileEncoding = 4; lastKnownFileType = sourcecode.swift; path = Presentable.swift; sourceTree = "<group>"; };
		BA1999E51DDC3BC900296441 /* ConnectionStatus.swift */ = {isa = PBXFileReference; fileEncoding = 4; lastKnownFileType = sourcecode.swift; path = ConnectionStatus.swift; sourceTree = "<group>"; };
		BA1999E71DDC412D00296441 /* Parameter.swift */ = {isa = PBXFileReference; fileEncoding = 4; lastKnownFileType = sourcecode.swift; path = Parameter.swift; sourceTree = "<group>"; };
		BA1999E91DDC508000296441 /* ResultStatus.swift */ = {isa = PBXFileReference; fileEncoding = 4; lastKnownFileType = sourcecode.swift; path = ResultStatus.swift; sourceTree = "<group>"; };
		BA1999EB1DDC673400296441 /* Row.swift */ = {isa = PBXFileReference; fileEncoding = 4; lastKnownFileType = sourcecode.swift; path = Row.swift; sourceTree = "<group>"; };
		BA2E0C8F1E66AC92001F899C /* module.modulemap */ = {isa = PBXFileReference; fileEncoding = 4; lastKnownFileType = "sourcecode.module-map"; path = module.modulemap; sourceTree = "<group>"; };
		BA3F02CB1E6933C600D070AC /* PaginationQuery.swift */ = {isa = PBXFileReference; fileEncoding = 4; lastKnownFileType = sourcecode.swift; path = PaginationQuery.swift; sourceTree = "<group>"; };
		BA3F02CD1E6934CF00D070AC /* QueryFactory.swift */ = {isa = PBXFileReference; fileEncoding = 4; lastKnownFileType = sourcecode.swift; path = QueryFactory.swift; sourceTree = "<group>"; };
		BA87563F1E92445F00FCDFB1 /* SwiftyPostgreSQLTests.xctest */ = {isa = PBXFileReference; explicitFileType = wrapper.cfbundle; includeInIndex = 0; path = SwiftyPostgreSQLTests.xctest; sourceTree = BUILT_PRODUCTS_DIR; };
		BA8756431E92445F00FCDFB1 /* Info.plist */ = {isa = PBXFileReference; lastKnownFileType = text.plist.xml; path = Info.plist; sourceTree = "<group>"; };
		BA87564F1E9246B000FCDFB1 /* Quick.framework */ = {isa = PBXFileReference; lastKnownFileType = wrapper.framework; name = Quick.framework; path = Carthage/Build/Mac/Quick.framework; sourceTree = "<group>"; };
		BA8756511E9246B200FCDFB1 /* Nimble.framework */ = {isa = PBXFileReference; lastKnownFileType = wrapper.framework; name = Nimble.framework; path = Carthage/Build/Mac/Nimble.framework; sourceTree = "<group>"; };
		BA8756581E92489600FCDFB1 /* ConnectionSpec.swift */ = {isa = PBXFileReference; fileEncoding = 4; lastKnownFileType = sourcecode.swift; path = ConnectionSpec.swift; sourceTree = "<group>"; };
		BA8756591E92489600FCDFB1 /* DatabaseSpec.swift */ = {isa = PBXFileReference; fileEncoding = 4; lastKnownFileType = sourcecode.swift; path = DatabaseSpec.swift; sourceTree = "<group>"; };
		BA87565B1E92489600FCDFB1 /* ParamConnection+Helper.swift */ = {isa = PBXFileReference; fileEncoding = 4; lastKnownFileType = sourcecode.swift; path = "ParamConnection+Helper.swift"; sourceTree = "<group>"; };
		BA87565C1E92489600FCDFB1 /* QueryResultSpec.swift */ = {isa = PBXFileReference; fileEncoding = 4; lastKnownFileType = sourcecode.swift; path = QueryResultSpec.swift; sourceTree = "<group>"; };
		BA87565D1E92489600FCDFB1 /* QuerySpec.swift */ = {isa = PBXFileReference; fileEncoding = 4; lastKnownFileType = sourcecode.swift; path = QuerySpec.swift; sourceTree = "<group>"; };
		BA87565E1E92489600FCDFB1 /* TableSpec.swift */ = {isa = PBXFileReference; fileEncoding = 4; lastKnownFileType = sourcecode.swift; path = TableSpec.swift; sourceTree = "<group>"; };
		BA8FB3111E473ABC004D48F5 /* UUID+Short.swift */ = {isa = PBXFileReference; fileEncoding = 4; lastKnownFileType = sourcecode.swift; path = "UUID+Short.swift"; sourceTree = "<group>"; };
		BAA8ED8F1DDB1967006E4E33 /* ConnectionResult.swift */ = {isa = PBXFileReference; fileEncoding = 4; lastKnownFileType = sourcecode.swift; path = ConnectionResult.swift; sourceTree = "<group>"; };
		BABDF8981E331B4F006603BA /* Field.swift */ = {isa = PBXFileReference; fileEncoding = 4; lastKnownFileType = sourcecode.swift; path = Field.swift; sourceTree = "<group>"; };
		BABDF89A1E332C70006603BA /* ColumnType.swift */ = {isa = PBXFileReference; fileEncoding = 4; lastKnownFileType = sourcecode.swift; path = ColumnType.swift; sourceTree = "<group>"; };
		BACE537C1E646F3300B4135E /* Info.plist */ = {isa = PBXFileReference; fileEncoding = 4; lastKnownFileType = text.plist.xml; path = Info.plist; sourceTree = "<group>"; };
		BACE537D1E646F3300B4135E /* Swifty-PostgreSQL.h */ = {isa = PBXFileReference; fileEncoding = 4; lastKnownFileType = sourcecode.c.h; path = "Swifty-PostgreSQL.h"; sourceTree = "<group>"; };
		BACFCC911DDAF89400EFB0BA /* SwiftyPostgreSQL.framework */ = {isa = PBXFileReference; explicitFileType = wrapper.framework; includeInIndex = 0; path = SwiftyPostgreSQL.framework; sourceTree = BUILT_PRODUCTS_DIR; };
		BACFCCB41DDAFAD500EFB0BA /* Database.swift */ = {isa = PBXFileReference; fileEncoding = 4; lastKnownFileType = sourcecode.swift; path = Database.swift; sourceTree = "<group>"; };
		BACFCCB61DDAFAE000EFB0BA /* QueryResult.swift */ = {isa = PBXFileReference; fileEncoding = 4; lastKnownFileType = sourcecode.swift; path = QueryResult.swift; sourceTree = "<group>"; };
		BACFCCB81DDAFAEA00EFB0BA /* Connection.swift */ = {isa = PBXFileReference; fileEncoding = 4; lastKnownFileType = sourcecode.swift; path = Connection.swift; sourceTree = "<group>"; };
		BACFCCBA1DDAFAF600EFB0BA /* Query.swift */ = {isa = PBXFileReference; fileEncoding = 4; lastKnownFileType = sourcecode.swift; path = Query.swift; sourceTree = "<group>"; };
		BACFCCC01DDAFD9F00EFB0BA /* ConnectionParam.swift */ = {isa = PBXFileReference; fileEncoding = 4; lastKnownFileType = sourcecode.swift; path = ConnectionParam.swift; sourceTree = "<group>"; };
		BAEE57601E482F6100EC61E7 /* Column.swift */ = {isa = PBXFileReference; fileEncoding = 4; lastKnownFileType = sourcecode.swift; path = Column.swift; sourceTree = "<group>"; };
		BAEE57621E48349A00EC61E7 /* ColumnTypeProtocol.swift */ = {isa = PBXFileReference; fileEncoding = 4; lastKnownFileType = sourcecode.swift; path = ColumnTypeProtocol.swift; sourceTree = "<group>"; };
/* End PBXFileReference section */

/* Begin PBXFrameworksBuildPhase section */
		BA87563C1E92445F00FCDFB1 /* Frameworks */ = {
			isa = PBXFrameworksBuildPhase;
			buildActionMask = 2147483647;
			files = (
				BA8756441E92445F00FCDFB1 /* SwiftyPostgreSQL.framework in Frameworks */,
				BA8756551E92474E00FCDFB1 /* Nimble.framework in Frameworks */,
				BA8756541E92474C00FCDFB1 /* Quick.framework in Frameworks */,
			);
			runOnlyForDeploymentPostprocessing = 0;
		};
		BACFCC8D1DDAF89400EFB0BA /* Frameworks */ = {
			isa = PBXFrameworksBuildPhase;
			buildActionMask = 2147483647;
			files = (
			);
			runOnlyForDeploymentPostprocessing = 0;
		};
/* End PBXFrameworksBuildPhase section */

/* Begin PBXGroup section */
		94D73FC7FD44C0BCBD5C9208 /* Pods */ = {
			isa = PBXGroup;
			children = (
				0D419564E139F6C53654D1D5 /* Pods-Swifty-PostgreSQLTests.debug.xcconfig */,
				2BB17EDDBA2995D4ADFFDED3 /* Pods-Swifty-PostgreSQLTests.release.xcconfig */,
				8F079EFD27B0A5C2B970ABE8 /* Pods-Swifty-PostgreSQLTests.debug.xcconfig */,
				61420C000AC495972B521D98 /* Pods-Swifty-PostgreSQLTests.release.xcconfig */,
			);
			name = Pods;
			sourceTree = "<group>";
		};
		BA0ACAEE1E320238001AD35A /* Table */ = {
			isa = PBXGroup;
			children = (
				BA0ACAEF1E320266001AD35A /* Table.swift */,
			);
			path = Table;
			sourceTree = "<group>";
		};
		BA0ACAF11E3216A4001AD35A /* Decode */ = {
			isa = PBXGroup;
			children = (
				BA0ACAF21E3216CE001AD35A /* Decodable.swift */,
				BA0ACAF41E32172E001AD35A /* Decoder.swift */,
			);
			path = Decode;
			sourceTree = "<group>";
		};
		BA0ACAF61E321954001AD35A /* Common */ = {
			isa = PBXGroup;
			children = (
				BA0ACAF71E32195C001AD35A /* Logger.swift */,
				BA8FB3111E473ABC004D48F5 /* UUID+Short.swift */,
				BA3F02CD1E6934CF00D070AC /* QueryFactory.swift */,
			);
			path = Common;
			sourceTree = "<group>";
		};
		BA0ACAF91E321F7C001AD35A /* Value */ = {
			isa = PBXGroup;
			children = (
				BAEE57601E482F6100EC61E7 /* Column.swift */,
				BAEE57621E48349A00EC61E7 /* ColumnTypeProtocol.swift */,
				BABDF8981E331B4F006603BA /* Field.swift */,
				BA0ACAFB1E321FB2001AD35A /* Presentable.swift */,
				BA1999EB1DDC673400296441 /* Row.swift */,
			);
			path = Value;
			sourceTree = "<group>";
		};
		BA1999ED1DDC676400296441 /* Result */ = {
			isa = PBXGroup;
			children = (
				BABDF89A1E332C70006603BA /* ColumnType.swift */,
				BACFCCB61DDAFAE000EFB0BA /* QueryResult.swift */,
				BA1999E91DDC508000296441 /* ResultStatus.swift */,
			);
			path = Result;
			sourceTree = "<group>";
		};
		BA1999EE1DDC677900296441 /* Connection */ = {
			isa = PBXGroup;
			children = (
				BACFCCB81DDAFAEA00EFB0BA /* Connection.swift */,
				BACFCCC01DDAFD9F00EFB0BA /* ConnectionParam.swift */,
				BAA8ED8F1DDB1967006E4E33 /* ConnectionResult.swift */,
				BA1999E51DDC3BC900296441 /* ConnectionStatus.swift */,
			);
			path = Connection;
			sourceTree = "<group>";
		};
		BA1999EF1DDC677F00296441 /* Query */ = {
			isa = PBXGroup;
			children = (
				BA1999E71DDC412D00296441 /* Parameter.swift */,
				BACFCCBA1DDAFAF600EFB0BA /* Query.swift */,
				BA3F02CB1E6933C600D070AC /* PaginationQuery.swift */,
			);
			path = Query;
			sourceTree = "<group>";
		};
		BA2E0C8E1E66AC87001F899C /* libpq */ = {
			isa = PBXGroup;
			children = (
				BA2E0C8F1E66AC92001F899C /* module.modulemap */,
			);
			name = libpq;
			sourceTree = "<group>";
		};
		BA8756401E92445F00FCDFB1 /* SwiftyPostgreSQLTests */ = {
			isa = PBXGroup;
			children = (
				BA8756581E92489600FCDFB1 /* ConnectionSpec.swift */,
				BA8756591E92489600FCDFB1 /* DatabaseSpec.swift */,
				BA87565A1E92489600FCDFB1 /* Helper */,
				BA87565C1E92489600FCDFB1 /* QueryResultSpec.swift */,
				BA87565D1E92489600FCDFB1 /* QuerySpec.swift */,
				BA87565E1E92489600FCDFB1 /* TableSpec.swift */,
				BA8756431E92445F00FCDFB1 /* Info.plist */,
			);
			path = SwiftyPostgreSQLTests;
			sourceTree = "<group>";
		};
		BA87565A1E92489600FCDFB1 /* Helper */ = {
			isa = PBXGroup;
			children = (
				BA87565B1E92489600FCDFB1 /* ParamConnection+Helper.swift */,
			);
			path = Helper;
			sourceTree = "<group>";
		};
		BACFCC871DDAF89400EFB0BA = {
			isa = PBXGroup;
			children = (
				BACFCCA41DDAF93600EFB0BA /* Source */,
				BA8756401E92445F00FCDFB1 /* SwiftyPostgreSQLTests */,
				CDB205A642EFDCA6A64E930A /* Frameworks */,
				94D73FC7FD44C0BCBD5C9208 /* Pods */,
				BACFCC921DDAF89400EFB0BA /* Products */,
				BACFCC931DDAF89400EFB0BA /* Swifty-PostgreSQL */,
			);
			sourceTree = "<group>";
		};
		BACFCC921DDAF89400EFB0BA /* Products */ = {
			isa = PBXGroup;
			children = (
				BACFCC911DDAF89400EFB0BA /* SwiftyPostgreSQL.framework */,
				BA87563F1E92445F00FCDFB1 /* SwiftyPostgreSQLTests.xctest */,
			);
			name = Products;
			sourceTree = "<group>";
		};
		BACFCC931DDAF89400EFB0BA /* Swifty-PostgreSQL */ = {
			isa = PBXGroup;
			children = (
				BACE537C1E646F3300B4135E /* Info.plist */,
				BACE537D1E646F3300B4135E /* Swifty-PostgreSQL.h */,
			);
			path = "Swifty-PostgreSQL";
			sourceTree = "<group>";
		};
		BACFCCA41DDAF93600EFB0BA /* Source */ = {
			isa = PBXGroup;
			children = (
				BA2E0C8E1E66AC87001F899C /* libpq */,
				BA0ACAF61E321954001AD35A /* Common */,
				BA1999EE1DDC677900296441 /* Connection */,
				BA0ACAF11E3216A4001AD35A /* Decode */,
				BA1999EF1DDC677F00296441 /* Query */,
				BA1999ED1DDC676400296441 /* Result */,
				BA0ACAEE1E320238001AD35A /* Table */,
				BA0ACAF91E321F7C001AD35A /* Value */,
				BACFCCB41DDAFAD500EFB0BA /* Database.swift */,
			);
			path = Source;
			sourceTree = "<group>";
		};
		CDB205A642EFDCA6A64E930A /* Frameworks */ = {
			isa = PBXGroup;
			children = (
				BA8756511E9246B200FCDFB1 /* Nimble.framework */,
				BA87564F1E9246B000FCDFB1 /* Quick.framework */,
				5254B8593BA7325863F279C4 /* Pods_Swifty_PostgreSQLTests.framework */,
			);
			name = Frameworks;
			sourceTree = "<group>";
		};
/* End PBXGroup section */

/* Begin PBXHeadersBuildPhase section */
		BACFCC8E1DDAF89400EFB0BA /* Headers */ = {
			isa = PBXHeadersBuildPhase;
			buildActionMask = 2147483647;
			files = (
				BACE537F1E646F3300B4135E /* Swifty-PostgreSQL.h in Headers */,
			);
			runOnlyForDeploymentPostprocessing = 0;
		};
/* End PBXHeadersBuildPhase section */

/* Begin PBXNativeTarget section */
		BA87563E1E92445F00FCDFB1 /* SwiftyPostgreSQLTests */ = {
			isa = PBXNativeTarget;
			buildConfigurationList = BA8756471E92445F00FCDFB1 /* Build configuration list for PBXNativeTarget "SwiftyPostgreSQLTests" */;
			buildPhases = (
				BA87563B1E92445F00FCDFB1 /* Sources */,
				BA87563C1E92445F00FCDFB1 /* Frameworks */,
				BA87563D1E92445F00FCDFB1 /* Resources */,
				BA8756561E92475A00FCDFB1 /* ShellScript */,
			);
			buildRules = (
			);
			dependencies = (
				BA8756461E92445F00FCDFB1 /* PBXTargetDependency */,
			);
			name = SwiftyPostgreSQLTests;
			productName = SwiftyPostgreSQLTests;
			productReference = BA87563F1E92445F00FCDFB1 /* SwiftyPostgreSQLTests.xctest */;
			productType = "com.apple.product-type.bundle.unit-test";
		};
		BACFCC901DDAF89400EFB0BA /* Swifty-PostgreSQL */ = {
			isa = PBXNativeTarget;
			buildConfigurationList = BACFCC991DDAF89400EFB0BA /* Build configuration list for PBXNativeTarget "Swifty-PostgreSQL" */;
			buildPhases = (
				BACFCC8C1DDAF89400EFB0BA /* Sources */,
				BACFCC8D1DDAF89400EFB0BA /* Frameworks */,
				BACFCC8E1DDAF89400EFB0BA /* Headers */,
				BACFCC8F1DDAF89400EFB0BA /* Resources */,
			);
			buildRules = (
			);
			dependencies = (
			);
			name = "Swifty-PostgreSQL";
			productName = TitanKit;
			productReference = BACFCC911DDAF89400EFB0BA /* SwiftyPostgreSQL.framework */;
			productType = "com.apple.product-type.framework";
		};
/* End PBXNativeTarget section */

/* Begin PBXProject section */
		BACFCC881DDAF89400EFB0BA /* Project object */ = {
			isa = PBXProject;
			attributes = {
				LastSwiftUpdateCheck = 0820;
				LastUpgradeCheck = 0810;
				ORGANIZATIONNAME = Titan;
				TargetAttributes = {
					BA87563E1E92445F00FCDFB1 = {
						CreatedOnToolsVersion = 8.2.1;
						DevelopmentTeam = D54Y88Y9CY;
						LastSwiftMigration = 0820;
						ProvisioningStyle = Automatic;
					};
					BACFCC901DDAF89400EFB0BA = {
						CreatedOnToolsVersion = 8.1;
						DevelopmentTeam = D54Y88Y9CY;
						LastSwiftMigration = 0810;
						ProvisioningStyle = Automatic;
					};
				};
			};
			buildConfigurationList = BACFCC8B1DDAF89400EFB0BA /* Build configuration list for PBXProject "Swifty-PostgreSQL" */;
			compatibilityVersion = "Xcode 3.2";
			developmentRegion = English;
			hasScannedForEncodings = 0;
			knownRegions = (
				en,
			);
			mainGroup = BACFCC871DDAF89400EFB0BA;
			productRefGroup = BACFCC921DDAF89400EFB0BA /* Products */;
			projectDirPath = "";
			projectRoot = "";
			targets = (
				BACFCC901DDAF89400EFB0BA /* Swifty-PostgreSQL */,
				BA87563E1E92445F00FCDFB1 /* SwiftyPostgreSQLTests */,
			);
		};
/* End PBXProject section */

/* Begin PBXResourcesBuildPhase section */
		BA87563D1E92445F00FCDFB1 /* Resources */ = {
			isa = PBXResourcesBuildPhase;
			buildActionMask = 2147483647;
			files = (
			);
			runOnlyForDeploymentPostprocessing = 0;
		};
		BACFCC8F1DDAF89400EFB0BA /* Resources */ = {
			isa = PBXResourcesBuildPhase;
			buildActionMask = 2147483647;
			files = (
			);
			runOnlyForDeploymentPostprocessing = 0;
		};
/* End PBXResourcesBuildPhase section */

/* Begin PBXShellScriptBuildPhase section */
		BA8756561E92475A00FCDFB1 /* ShellScript */ = {
			isa = PBXShellScriptBuildPhase;
			buildActionMask = 2147483647;
			files = (
			);
			inputPaths = (
				"$(SRCROOT)/Carthage/Build/Mac/Nimble.framework",
				"$(SRCROOT)/Carthage/Build/Mac/Quick.framework",
			);
			outputPaths = (
			);
			runOnlyForDeploymentPostprocessing = 0;
			shellPath = /bin/sh;
			shellScript = "/usr/local/bin/carthage copy-frameworks";
		};
/* End PBXShellScriptBuildPhase section */

/* Begin PBXSourcesBuildPhase section */
		BA87563B1E92445F00FCDFB1 /* Sources */ = {
			isa = PBXSourcesBuildPhase;
			buildActionMask = 2147483647;
			files = (
				BA8756621E92489600FCDFB1 /* QueryResultSpec.swift in Sources */,
				BA87565F1E92489600FCDFB1 /* ConnectionSpec.swift in Sources */,
				BA8756611E92489600FCDFB1 /* ParamConnection+Helper.swift in Sources */,
				BA8756631E92489600FCDFB1 /* QuerySpec.swift in Sources */,
				BA8756601E92489600FCDFB1 /* DatabaseSpec.swift in Sources */,
				BA8756641E92489600FCDFB1 /* TableSpec.swift in Sources */,
			);
			runOnlyForDeploymentPostprocessing = 0;
		};
		BACFCC8C1DDAF89400EFB0BA /* Sources */ = {
			isa = PBXSourcesBuildPhase;
			buildActionMask = 2147483647;
			files = (
				BACFCCC11DDAFD9F00EFB0BA /* ConnectionParam.swift in Sources */,
				BACFCCBB1DDAFAF600EFB0BA /* Query.swift in Sources */,
				BA1999EA1DDC508000296441 /* ResultStatus.swift in Sources */,
				BA3F02CC1E6933C600D070AC /* PaginationQuery.swift in Sources */,
				BAEE57611E482F6100EC61E7 /* Column.swift in Sources */,
				BA3F02CE1E6934CF00D070AC /* QueryFactory.swift in Sources */,
				BACFCCB71DDAFAE000EFB0BA /* QueryResult.swift in Sources */,
				BA1999E81DDC412D00296441 /* Parameter.swift in Sources */,
				BA8FB3121E473ABC004D48F5 /* UUID+Short.swift in Sources */,
				BACFCCB91DDAFAEA00EFB0BA /* Connection.swift in Sources */,
				BAA8ED901DDB1967006E4E33 /* ConnectionResult.swift in Sources */,
				BA1999E61DDC3BC900296441 /* ConnectionStatus.swift in Sources */,
				BABDF89B1E332C70006603BA /* ColumnType.swift in Sources */,
				BA0ACAFC1E321FB2001AD35A /* Presentable.swift in Sources */,
				BA1999EC1DDC673400296441 /* Row.swift in Sources */,
				BABDF8991E331B4F006603BA /* Field.swift in Sources */,
				BA0ACAF31E3216CE001AD35A /* Decodable.swift in Sources */,
				BACFCCB51DDAFAD500EFB0BA /* Database.swift in Sources */,
				BA0ACAF81E32195C001AD35A /* Logger.swift in Sources */,
				BAEE57631E48349A00EC61E7 /* ColumnTypeProtocol.swift in Sources */,
				BA0ACAF01E320266001AD35A /* Table.swift in Sources */,
				BA0ACAF51E32172E001AD35A /* Decoder.swift in Sources */,
			);
			runOnlyForDeploymentPostprocessing = 0;
		};
/* End PBXSourcesBuildPhase section */

/* Begin PBXTargetDependency section */
		BA8756461E92445F00FCDFB1 /* PBXTargetDependency */ = {
			isa = PBXTargetDependency;
			target = BACFCC901DDAF89400EFB0BA /* Swifty-PostgreSQL */;
			targetProxy = BA8756451E92445F00FCDFB1 /* PBXContainerItemProxy */;
		};
/* End PBXTargetDependency section */

/* Begin XCBuildConfiguration section */
		BA8756481E92445F00FCDFB1 /* Debug */ = {
			isa = XCBuildConfiguration;
			buildSettings = {
				CLANG_ENABLE_MODULES = YES;
				CODE_SIGN_IDENTITY = "Mac Developer";
				COMBINE_HIDPI_IMAGES = YES;
				DEVELOPMENT_TEAM = D54Y88Y9CY;
				FRAMEWORK_SEARCH_PATHS = (
					"$(inherited)",
					"$(PROJECT_DIR)/Carthage/Build/Mac",
				);
				INFOPLIST_FILE = SwiftyPostgreSQLTests/Info.plist;
				LD_RUNPATH_SEARCH_PATHS = "$(inherited) @executable_path/../Frameworks @loader_path/../Frameworks";
				PRODUCT_BUNDLE_IDENTIFIER = com.fe.nghiatran.SwiftyPostgreSQLTests;
				PRODUCT_NAME = "$(TARGET_NAME)";
				SWIFT_OPTIMIZATION_LEVEL = "-Onone";
				SWIFT_VERSION = 3.0;
			};
			name = Debug;
		};
		BA8756491E92445F00FCDFB1 /* Release */ = {
			isa = XCBuildConfiguration;
			buildSettings = {
				CLANG_ENABLE_MODULES = YES;
				CODE_SIGN_IDENTITY = "Mac Developer";
				COMBINE_HIDPI_IMAGES = YES;
				DEVELOPMENT_TEAM = D54Y88Y9CY;
				FRAMEWORK_SEARCH_PATHS = (
					"$(inherited)",
					"$(PROJECT_DIR)/Carthage/Build/Mac",
				);
				INFOPLIST_FILE = SwiftyPostgreSQLTests/Info.plist;
				LD_RUNPATH_SEARCH_PATHS = "$(inherited) @executable_path/../Frameworks @loader_path/../Frameworks";
				PRODUCT_BUNDLE_IDENTIFIER = com.fe.nghiatran.SwiftyPostgreSQLTests;
				PRODUCT_NAME = "$(TARGET_NAME)";
				SWIFT_VERSION = 3.0;
			};
			name = Release;
		};
		BACFCC971DDAF89400EFB0BA /* Debug */ = {
			isa = XCBuildConfiguration;
			buildSettings = {
				ALWAYS_SEARCH_USER_PATHS = NO;
				CLANG_ANALYZER_NONNULL = YES;
				CLANG_CXX_LANGUAGE_STANDARD = "gnu++0x";
				CLANG_CXX_LIBRARY = "libc++";
				CLANG_ENABLE_MODULES = YES;
				CLANG_ENABLE_OBJC_ARC = YES;
				CLANG_WARN_BOOL_CONVERSION = YES;
				CLANG_WARN_CONSTANT_CONVERSION = YES;
				CLANG_WARN_DIRECT_OBJC_ISA_USAGE = YES_ERROR;
				CLANG_WARN_DOCUMENTATION_COMMENTS = YES;
				CLANG_WARN_EMPTY_BODY = YES;
				CLANG_WARN_ENUM_CONVERSION = YES;
				CLANG_WARN_INFINITE_RECURSION = YES;
				CLANG_WARN_INT_CONVERSION = YES;
				CLANG_WARN_OBJC_ROOT_CLASS = YES_ERROR;
				CLANG_WARN_SUSPICIOUS_MOVE = YES;
				CLANG_WARN_SUSPICIOUS_MOVES = YES;
				CLANG_WARN_UNREACHABLE_CODE = YES;
				CLANG_WARN__DUPLICATE_METHOD_MATCH = YES;
				CODE_SIGN_IDENTITY = "-";
				COPY_PHASE_STRIP = NO;
				CURRENT_PROJECT_VERSION = 1;
				DEBUG_INFORMATION_FORMAT = dwarf;
				ENABLE_STRICT_OBJC_MSGSEND = YES;
				ENABLE_TESTABILITY = YES;
				GCC_C_LANGUAGE_STANDARD = gnu99;
				GCC_DYNAMIC_NO_PIC = NO;
				GCC_NO_COMMON_BLOCKS = YES;
				GCC_OPTIMIZATION_LEVEL = 0;
				GCC_PREPROCESSOR_DEFINITIONS = (
					"DEBUG=1",
					"$(inherited)",
				);
				GCC_WARN_64_TO_32_BIT_CONVERSION = YES;
				GCC_WARN_ABOUT_RETURN_TYPE = YES_ERROR;
				GCC_WARN_UNDECLARED_SELECTOR = YES;
				GCC_WARN_UNINITIALIZED_AUTOS = YES_AGGRESSIVE;
				GCC_WARN_UNUSED_FUNCTION = YES;
				GCC_WARN_UNUSED_VARIABLE = YES;
				MACOSX_DEPLOYMENT_TARGET = 10.12;
				MTL_ENABLE_DEBUG_INFO = YES;
				ONLY_ACTIVE_ARCH = YES;
				SDKROOT = macosx;
				SWIFT_ACTIVE_COMPILATION_CONDITIONS = DEBUG;
				SWIFT_OPTIMIZATION_LEVEL = "-Onone";
				VERSIONING_SYSTEM = "apple-generic";
				VERSION_INFO_PREFIX = "";
			};
			name = Debug;
		};
		BACFCC981DDAF89400EFB0BA /* Release */ = {
			isa = XCBuildConfiguration;
			buildSettings = {
				ALWAYS_SEARCH_USER_PATHS = NO;
				CLANG_ANALYZER_NONNULL = YES;
				CLANG_CXX_LANGUAGE_STANDARD = "gnu++0x";
				CLANG_CXX_LIBRARY = "libc++";
				CLANG_ENABLE_MODULES = YES;
				CLANG_ENABLE_OBJC_ARC = YES;
				CLANG_WARN_BOOL_CONVERSION = YES;
				CLANG_WARN_CONSTANT_CONVERSION = YES;
				CLANG_WARN_DIRECT_OBJC_ISA_USAGE = YES_ERROR;
				CLANG_WARN_DOCUMENTATION_COMMENTS = YES;
				CLANG_WARN_EMPTY_BODY = YES;
				CLANG_WARN_ENUM_CONVERSION = YES;
				CLANG_WARN_INFINITE_RECURSION = YES;
				CLANG_WARN_INT_CONVERSION = YES;
				CLANG_WARN_OBJC_ROOT_CLASS = YES_ERROR;
				CLANG_WARN_SUSPICIOUS_MOVE = YES;
				CLANG_WARN_SUSPICIOUS_MOVES = YES;
				CLANG_WARN_UNREACHABLE_CODE = YES;
				CLANG_WARN__DUPLICATE_METHOD_MATCH = YES;
				CODE_SIGN_IDENTITY = "-";
				COPY_PHASE_STRIP = NO;
				CURRENT_PROJECT_VERSION = 1;
				DEBUG_INFORMATION_FORMAT = "dwarf-with-dsym";
				ENABLE_NS_ASSERTIONS = NO;
				ENABLE_STRICT_OBJC_MSGSEND = YES;
				GCC_C_LANGUAGE_STANDARD = gnu99;
				GCC_NO_COMMON_BLOCKS = YES;
				GCC_WARN_64_TO_32_BIT_CONVERSION = YES;
				GCC_WARN_ABOUT_RETURN_TYPE = YES_ERROR;
				GCC_WARN_UNDECLARED_SELECTOR = YES;
				GCC_WARN_UNINITIALIZED_AUTOS = YES_AGGRESSIVE;
				GCC_WARN_UNUSED_FUNCTION = YES;
				GCC_WARN_UNUSED_VARIABLE = YES;
				MACOSX_DEPLOYMENT_TARGET = 10.12;
				MTL_ENABLE_DEBUG_INFO = NO;
				SDKROOT = macosx;
				SWIFT_OPTIMIZATION_LEVEL = "-Owholemodule";
				VERSIONING_SYSTEM = "apple-generic";
				VERSION_INFO_PREFIX = "";
			};
			name = Release;
		};
		BACFCC9A1DDAF89400EFB0BA /* Debug */ = {
			isa = XCBuildConfiguration;
			buildSettings = {
				CLANG_ENABLE_MODULES = YES;
				CODE_SIGN_IDENTITY = "";
				COMBINE_HIDPI_IMAGES = YES;
				DEFINES_MODULE = YES;
				DEVELOPMENT_TEAM = D54Y88Y9CY;
				DYLIB_COMPATIBILITY_VERSION = 1;
				DYLIB_CURRENT_VERSION = 1;
				DYLIB_INSTALL_NAME_BASE = "@rpath";
				FRAMEWORK_SEARCH_PATHS = (
					"$(inherited)",
					"$(PROJECT_DIR)",
					"$(PROJECT_DIR)/Source",
					"$(PROJECT_DIR)/Carthage/Build/Mac",
				);
				FRAMEWORK_VERSION = A;
				INFOPLIST_FILE = "$(SRCROOT)/Swifty-PostgreSQL/Info.plist";
				INSTALL_PATH = "$(LOCAL_LIBRARY_DIR)/Frameworks";
				LD_RUNPATH_SEARCH_PATHS = "$(inherited) @executable_path/../Frameworks @loader_path/Frameworks";
				MACOSX_DEPLOYMENT_TARGET = 10.12;
				PRODUCT_BUNDLE_IDENTIFIER = com.fe.swifty.postgresql;
				PRODUCT_NAME = SwiftyPostgreSQL;
				SKIP_INSTALL = YES;
				SWIFT_ACTIVE_COMPILATION_CONDITIONS = "\"-DDEBUG\"";
				SWIFT_INCLUDE_PATHS = "${SRCROOT}/Source";
				SWIFT_OPTIMIZATION_LEVEL = "-Onone";
				SWIFT_VERSION = 3.0;
			};
			name = Debug;
		};
		BACFCC9B1DDAF89400EFB0BA /* Release */ = {
			isa = XCBuildConfiguration;
			buildSettings = {
				CLANG_ENABLE_MODULES = YES;
				CODE_SIGN_IDENTITY = "";
				COMBINE_HIDPI_IMAGES = YES;
				DEFINES_MODULE = YES;
				DEVELOPMENT_TEAM = D54Y88Y9CY;
				DYLIB_COMPATIBILITY_VERSION = 1;
				DYLIB_CURRENT_VERSION = 1;
				DYLIB_INSTALL_NAME_BASE = "@rpath";
				FRAMEWORK_SEARCH_PATHS = (
					"$(inherited)",
					"$(PROJECT_DIR)",
					"$(PROJECT_DIR)/Source",
					"$(PROJECT_DIR)/Carthage/Build/Mac",
				);
				FRAMEWORK_VERSION = A;
				INFOPLIST_FILE = "$(SRCROOT)/Swifty-PostgreSQL/Info.plist";
				INSTALL_PATH = "$(LOCAL_LIBRARY_DIR)/Frameworks";
				LD_RUNPATH_SEARCH_PATHS = "$(inherited) @executable_path/../Frameworks @loader_path/Frameworks";
				MACOSX_DEPLOYMENT_TARGET = 10.12;
				PRODUCT_BUNDLE_IDENTIFIER = com.fe.swifty.postgresql;
				PRODUCT_NAME = SwiftyPostgreSQL;
				SKIP_INSTALL = YES;
				SWIFT_INCLUDE_PATHS = "${SRCROOT}/Source";
				SWIFT_VERSION = 3.0;
			};
			name = Release;
		};
/* End XCBuildConfiguration section */

/* Begin XCConfigurationList section */
		BA8756471E92445F00FCDFB1 /* Build configuration list for PBXNativeTarget "SwiftyPostgreSQLTests" */ = {
			isa = XCConfigurationList;
			buildConfigurations = (
				BA8756481E92445F00FCDFB1 /* Debug */,
				BA8756491E92445F00FCDFB1 /* Release */,
			);
			defaultConfigurationIsVisible = 0;
			defaultConfigurationName = Release;
		};
		BACFCC8B1DDAF89400EFB0BA /* Build configuration list for PBXProject "Swifty-PostgreSQL" */ = {
			isa = XCConfigurationList;
			buildConfigurations = (
				BACFCC971DDAF89400EFB0BA /* Debug */,
				BACFCC981DDAF89400EFB0BA /* Release */,
			);
			defaultConfigurationIsVisible = 0;
			defaultConfigurationName = Release;
		};
		BACFCC991DDAF89400EFB0BA /* Build configuration list for PBXNativeTarget "Swifty-PostgreSQL" */ = {
			isa = XCConfigurationList;
			buildConfigurations = (
				BACFCC9A1DDAF89400EFB0BA /* Debug */,
				BACFCC9B1DDAF89400EFB0BA /* Release */,
			);
			defaultConfigurationIsVisible = 0;
			defaultConfigurationName = Release;
		};
/* End XCConfigurationList section */
	};
	rootObject = BACFCC881DDAF89400EFB0BA /* Project object */;
}
